# This file was autogenerated by Stack.
# You should not edit this file by hand.
# For more information, please see the documentation at:
#   https://docs.haskellstack.org/en/stable/topics/lock_files

packages:
- completed:
    hackage: shake-0.18.3@sha256:6bf52fc36a9973bf7a417a8c1bf1d9cf29b6fc4e3e3d232a9d1f145edc145ba0,15311
    pantry-tree:
      sha256: fafcd8f527ac427a3d0964f2ebe855f87304578bc90acd4413650e9e6f57e656
      size: 11991
  original:
    hackage: shake-0.18.3
snapshots:
- completed:
    sha256: 006398c5e92d1d64737b7e98ae4d63987c36808814504d1451f56ebd98093f75
    size: 500539
    url: https://raw.githubusercontent.com/commercialhaskell/stackage-snapshots/master/lts/13/29.yaml
  original: lts-13.29
